
Microsoft Visual Studio Solution File, Format Version 12.00
# Visual Studio 15
VisualStudioVersion = 15.0.26124.0
MinimumVisualStudioVersion = 15.0.26124.0
Project("{FAE04EC0-301F-11D3-BF4B-00C04F79EFBC}") = "SW.ExcelImport", "SW.ExcelImport\SW.ExcelImport.csproj", "{1C9D7F93-809B-4253-8E83-FBED493B82B1}"
EndProject
Project("{FAE04EC0-301F-11D3-BF4B-00C04F79EFBC}") = "SW.ExcelImport.UnitTests", "SW.ExcelImport.UnitTests\SW.ExcelImport.UnitTests.csproj", "{994128D8-F466-41A5-A2AB-4C443B670458}"
EndProject
Project("{FAE04EC0-301F-11D3-BF4B-00C04F79EFBC}") = "SW.ExcelImport.Model", "SW.ExcelImport.Model\SW.ExcelImport.Model.csproj", "{E699EC96-EDC4-4D66-B445-61B1F8FF546B}"
EndProject
Project("{FAE04EC0-301F-11D3-BF4B-00C04F79EFBC}") = "SW.ExcelImport.Api", "SW.ExcelImport.Api\SW.ExcelImport.Api.csproj", "{8CDBBC3D-40A2-4423-89A5-3E66667D1D65}"
EndProject
Global
	GlobalSection(SolutionConfigurationPlatforms) = preSolution
		Debug|Any CPU = Debug|Any CPU
		Debug|x64 = Debug|x64
		Debug|x86 = Debug|x86
		Release|Any CPU = Release|Any CPU
		Release|x64 = Release|x64
		Release|x86 = Release|x86
	EndGlobalSection
	GlobalSection(SolutionProperties) = preSolution
		HideSolutionNode = FALSE
	EndGlobalSection
	GlobalSection(ProjectConfigurationPlatforms) = postSolution
		{1C9D7F93-809B-4253-8E83-FBED493B82B1}.Debug|Any CPU.ActiveCfg = Debug|Any CPU
		{1C9D7F93-809B-4253-8E83-FBED493B82B1}.Debug|Any CPU.Build.0 = Debug|Any CPU
		{1C9D7F93-809B-4253-8E83-FBED493B82B1}.Debug|x64.ActiveCfg = Debug|Any CPU
		{1C9D7F93-809B-4253-8E83-FBED493B82B1}.Debug|x64.Build.0 = Debug|Any CPU
		{1C9D7F93-809B-4253-8E83-FBED493B82B1}.Debug|x86.ActiveCfg = Debug|Any CPU
		{1C9D7F93-809B-4253-8E83-FBED493B82B1}.Debug|x86.Build.0 = Debug|Any CPU
		{1C9D7F93-809B-4253-8E83-FBED493B82B1}.Release|Any CPU.ActiveCfg = Release|Any CPU
		{1C9D7F93-809B-4253-8E83-FBED493B82B1}.Release|Any CPU.Build.0 = Release|Any CPU
		{1C9D7F93-809B-4253-8E83-FBED493B82B1}.Release|x64.ActiveCfg = Release|Any CPU
		{1C9D7F93-809B-4253-8E83-FBED493B82B1}.Release|x64.Build.0 = Release|Any CPU
		{1C9D7F93-809B-4253-8E83-FBED493B82B1}.Release|x86.ActiveCfg = Release|Any CPU
		{1C9D7F93-809B-4253-8E83-FBED493B82B1}.Release|x86.Build.0 = Release|Any CPU
		{994128D8-F466-41A5-A2AB-4C443B670458}.Debug|Any CPU.ActiveCfg = Debug|Any CPU
		{994128D8-F466-41A5-A2AB-4C443B670458}.Debug|Any CPU.Build.0 = Debug|Any CPU
		{994128D8-F466-41A5-A2AB-4C443B670458}.Debug|x64.ActiveCfg = Debug|Any CPU
		{994128D8-F466-41A5-A2AB-4C443B670458}.Debug|x64.Build.0 = Debug|Any CPU
		{994128D8-F466-41A5-A2AB-4C443B670458}.Debug|x86.ActiveCfg = Debug|Any CPU
		{994128D8-F466-41A5-A2AB-4C443B670458}.Debug|x86.Build.0 = Debug|Any CPU
		{994128D8-F466-41A5-A2AB-4C443B670458}.Release|Any CPU.ActiveCfg = Release|Any CPU
		{994128D8-F466-41A5-A2AB-4C443B670458}.Release|Any CPU.Build.0 = Release|Any CPU
		{994128D8-F466-41A5-A2AB-4C443B670458}.Release|x64.ActiveCfg = Release|Any CPU
		{994128D8-F466-41A5-A2AB-4C443B670458}.Release|x64.Build.0 = Release|Any CPU
		{994128D8-F466-41A5-A2AB-4C443B670458}.Release|x86.ActiveCfg = Release|Any CPU
		{994128D8-F466-41A5-A2AB-4C443B670458}.Release|x86.Build.0 = Release|Any CPU
		{E699EC96-EDC4-4D66-B445-61B1F8FF546B}.Debug|Any CPU.ActiveCfg = Debug|Any CPU
		{E699EC96-EDC4-4D66-B445-61B1F8FF546B}.Debug|Any CPU.Build.0 = Debug|Any CPU
		{E699EC96-EDC4-4D66-B445-61B1F8FF546B}.Debug|x64.ActiveCfg = Debug|Any CPU
		{E699EC96-EDC4-4D66-B445-61B1F8FF546B}.Debug|x64.Build.0 = Debug|Any CPU
		{E699EC96-EDC4-4D66-B445-61B1F8FF546B}.Debug|x86.ActiveCfg = Debug|Any CPU
		{E699EC96-EDC4-4D66-B445-61B1F8FF546B}.Debug|x86.Build.0 = Debug|Any CPU
		{E699EC96-EDC4-4D66-B445-61B1F8FF546B}.Release|Any CPU.ActiveCfg = Release|Any CPU
		{E699EC96-EDC4-4D66-B445-61B1F8FF546B}.Release|Any CPU.Build.0 = Release|Any CPU
		{E699EC96-EDC4-4D66-B445-61B1F8FF546B}.Release|x64.ActiveCfg = Release|Any CPU
		{E699EC96-EDC4-4D66-B445-61B1F8FF546B}.Release|x64.Build.0 = Release|Any CPU
		{E699EC96-EDC4-4D66-B445-61B1F8FF546B}.Release|x86.ActiveCfg = Release|Any CPU
		{E699EC96-EDC4-4D66-B445-61B1F8FF546B}.Release|x86.Build.0 = Release|Any CPU
		{8CDBBC3D-40A2-4423-89A5-3E66667D1D65}.Debug|Any CPU.ActiveCfg = Debug|Any CPU
		{8CDBBC3D-40A2-4423-89A5-3E66667D1D65}.Debug|Any CPU.Build.0 = Debug|Any CPU
		{8CDBBC3D-40A2-4423-89A5-3E66667D1D65}.Debug|x64.ActiveCfg = Debug|Any CPU
		{8CDBBC3D-40A2-4423-89A5-3E66667D1D65}.Debug|x64.Build.0 = Debug|Any CPU
		{8CDBBC3D-40A2-4423-89A5-3E66667D1D65}.Debug|x86.ActiveCfg = Debug|Any CPU
		{8CDBBC3D-40A2-4423-89A5-3E66667D1D65}.Debug|x86.Build.0 = Debug|Any CPU
		{8CDBBC3D-40A2-4423-89A5-3E66667D1D65}.Release|Any CPU.ActiveCfg = Release|Any CPU
		{8CDBBC3D-40A2-4423-89A5-3E66667D1D65}.Release|Any CPU.Build.0 = Release|Any CPU
		{8CDBBC3D-40A2-4423-89A5-3E66667D1D65}.Release|x64.ActiveCfg = Release|Any CPU
		{8CDBBC3D-40A2-4423-89A5-3E66667D1D65}.Release|x64.Build.0 = Release|Any CPU
		{8CDBBC3D-40A2-4423-89A5-3E66667D1D65}.Release|x86.ActiveCfg = Release|Any CPU
		{8CDBBC3D-40A2-4423-89A5-3E66667D1D65}.Release|x86.Build.0 = Release|Any CPU
	EndGlobalSection
EndGlobal
